
Microsoft Visual Studio Solution File, Format Version 12.00
# Visual Studio Version 17
VisualStudioVersion = 17.9.34728.123
MinimumVisualStudioVersion = 10.0.40219.1
Project("{9A19103F-16F7-4668-BE54-9A1E7A4F7556}") = "Phi3SKConsoleApp", "Phi3SKConsoleApp.csproj", "{F1326064-7BFC-4AF2-9364-DD8684950B8B}"
EndProject
Global
	GlobalSection(SolutionConfigurationPlatforms) = preSolution
		Debug|Any CPU = Debug|Any CPU
		Release|Any CPU = Release|Any CPU
	EndGlobalSection
	GlobalSection(ProjectConfigurationPlatforms) = postSolution
		{F1326064-7BFC-4AF2-9364-DD8684950B8B}.Debug|Any CPU.ActiveCfg = Debug|Any CPU
		{F1326064-7BFC-4AF2-9364-DD8684950B8B}.Debug|Any CPU.Build.0 = Debug|Any CPU
		{F1326064-7BFC-4AF2-9364-DD8684950B8B}.Release|Any CPU.ActiveCfg = Release|Any CPU
		{F1326064-7BFC-4AF2-9364-DD8684950B8B}.Release|Any CPU.Build.0 = Release|Any CPU
	EndGlobalSection
	GlobalSection(SolutionProperties) = preSolution
		HideSolutionNode = FALSE
	EndGlobalSection
	GlobalSection(ExtensibilityGlobals) = postSolution
		SolutionGuid = {A3AF1FB1-DDF1-4CEC-91E0-8B7B89F2FE59}
	EndGlobalSection
EndGlobal
